// !$*UTF8*$!
{
	archiveVersion = 1;
	classes = {
	};
	objectVersion = 51;
	objects = {

/* Begin PBXBuildFile section */
		1727CF2D260D1B240041A9DE /* AppDelegate.swift in Sources */ = {isa = PBXBuildFile; fileRef = 1727CF2C260D1B240041A9DE /* AppDelegate.swift */; };
		1727CF2F260D1B240041A9DE /* SceneDelegate.swift in Sources */ = {isa = PBXBuildFile; fileRef = 1727CF2E260D1B240041A9DE /* SceneDelegate.swift */; };
		1727CF36260D1B240041A9DE /* Assets.xcassets in Resources */ = {isa = PBXBuildFile; fileRef = 1727CF35260D1B240041A9DE /* Assets.xcassets */; };
		1727CF39260D1B240041A9DE /* LaunchScreen.storyboard in Resources */ = {isa = PBXBuildFile; fileRef = 1727CF37260D1B240041A9DE /* LaunchScreen.storyboard */; };
		1727CF44260D26D70041A9DE /* SplashViewController.swift in Sources */ = {isa = PBXBuildFile; fileRef = 1727CF43260D26D70041A9DE /* SplashViewController.swift */; };
		1727CF47260D27730041A9DE /* SplashViewController.xib in Resources */ = {isa = PBXBuildFile; fileRef = 1727CF46260D27730041A9DE /* SplashViewController.xib */; };
		1727CF4A260D2D740041A9DE /* GoogleService-Info.plist in Resources */ = {isa = PBXBuildFile; fileRef = 1727CF49260D2D740041A9DE /* GoogleService-Info.plist */; };
		1727CF6C261043A60041A9DE /* ConnectivityManager.swift in Sources */ = {isa = PBXBuildFile; fileRef = 1727CF6B261043A60041A9DE /* ConnectivityManager.swift */; };
		1727CF6F2610444E0041A9DE /* RemoteConfigManager.swift in Sources */ = {isa = PBXBuildFile; fileRef = 1727CF6E2610444E0041A9DE /* RemoteConfigManager.swift */; };
		1727CF91261049A10041A9DE /* Constants.swift in Sources */ = {isa = PBXBuildFile; fileRef = 1727CF90261049A10041A9DE /* Constants.swift */; };
		1727CF9526104DB60041A9DE /* MainViewController.swift in Sources */ = {isa = PBXBuildFile; fileRef = 1727CF9326104DB60041A9DE /* MainViewController.swift */; };
		1727CF9626104DB60041A9DE /* MainViewController.xib in Resources */ = {isa = PBXBuildFile; fileRef = 1727CF9426104DB60041A9DE /* MainViewController.xib */; };
		1727CFA32610799D0041A9DE /* OmdbApiManager.swift in Sources */ = {isa = PBXBuildFile; fileRef = 1727CFA22610799D0041A9DE /* OmdbApiManager.swift */; };
		1727CFA626107EEB0041A9DE /* Movie.swift in Sources */ = {isa = PBXBuildFile; fileRef = 1727CFA526107EEB0041A9DE /* Movie.swift */; };
		1727CFA9261080450041A9DE /* MovieDetail.swift in Sources */ = {isa = PBXBuildFile; fileRef = 1727CFA8261080450041A9DE /* MovieDetail.swift */; };
		1727CFAC2610822D0041A9DE /* Movies.swift in Sources */ = {isa = PBXBuildFile; fileRef = 1727CFAB2610822D0041A9DE /* Movies.swift */; };
		1727CFB026108E7E0041A9DE /* MovieCardCollectionViewCell.swift in Sources */ = {isa = PBXBuildFile; fileRef = 1727CFAE26108E7E0041A9DE /* MovieCardCollectionViewCell.swift */; };
		1727CFB126108E7E0041A9DE /* MovieCardCollectionViewCell.xib in Resources */ = {isa = PBXBuildFile; fileRef = 1727CFAF26108E7E0041A9DE /* MovieCardCollectionViewCell.xib */; };
		1727CFB4261091D50041A9DE /* UIImageViewExtension.swift in Sources */ = {isa = PBXBuildFile; fileRef = 1727CFB3261091D50041A9DE /* UIImageViewExtension.swift */; };
		D39E7AE31ACB3E52491B5DBF /* Pods_SampleMovieApp.framework in Frameworks */ = {isa = PBXBuildFile; fileRef = 033BEBFD84A9580B4A6F8ED1 /* Pods_SampleMovieApp.framework */; };
/* End PBXBuildFile section */

/* Begin PBXFileReference section */
		033BEBFD84A9580B4A6F8ED1 /* Pods_SampleMovieApp.framework */ = {isa = PBXFileReference; explicitFileType = wrapper.framework; includeInIndex = 0; path = Pods_SampleMovieApp.framework; sourceTree = BUILT_PRODUCTS_DIR; };
		1727CF29260D1B240041A9DE /* SampleMovieApp.app */ = {isa = PBXFileReference; explicitFileType = wrapper.application; includeInIndex = 0; path = SampleMovieApp.app; sourceTree = BUILT_PRODUCTS_DIR; };
		1727CF2C260D1B240041A9DE /* AppDelegate.swift */ = {isa = PBXFileReference; lastKnownFileType = sourcecode.swift; path = AppDelegate.swift; sourceTree = "<group>"; };
		1727CF2E260D1B240041A9DE /* SceneDelegate.swift */ = {isa = PBXFileReference; lastKnownFileType = sourcecode.swift; path = SceneDelegate.swift; sourceTree = "<group>"; };
		1727CF35260D1B240041A9DE /* Assets.xcassets */ = {isa = PBXFileReference; lastKnownFileType = folder.assetcatalog; path = Assets.xcassets; sourceTree = "<group>"; };
		1727CF38260D1B240041A9DE /* Base */ = {isa = PBXFileReference; lastKnownFileType = file.storyboard; name = Base; path = Base.lproj/LaunchScreen.storyboard; sourceTree = "<group>"; };
		1727CF3A260D1B240041A9DE /* Info.plist */ = {isa = PBXFileReference; lastKnownFileType = text.plist.xml; path = Info.plist; sourceTree = "<group>"; };
		1727CF43260D26D70041A9DE /* SplashViewController.swift */ = {isa = PBXFileReference; lastKnownFileType = sourcecode.swift; path = SplashViewController.swift; sourceTree = "<group>"; };
		1727CF46260D27730041A9DE /* SplashViewController.xib */ = {isa = PBXFileReference; lastKnownFileType = file.xib; path = SplashViewController.xib; sourceTree = "<group>"; };
		1727CF49260D2D740041A9DE /* GoogleService-Info.plist */ = {isa = PBXFileReference; fileEncoding = 4; lastKnownFileType = text.plist.xml; path = "GoogleService-Info.plist"; sourceTree = "<group>"; };
		1727CF6B261043A60041A9DE /* ConnectivityManager.swift */ = {isa = PBXFileReference; lastKnownFileType = sourcecode.swift; path = ConnectivityManager.swift; sourceTree = "<group>"; };
		1727CF6E2610444E0041A9DE /* RemoteConfigManager.swift */ = {isa = PBXFileReference; lastKnownFileType = sourcecode.swift; path = RemoteConfigManager.swift; sourceTree = "<group>"; };
		1727CF90261049A10041A9DE /* Constants.swift */ = {isa = PBXFileReference; lastKnownFileType = sourcecode.swift; path = Constants.swift; sourceTree = "<group>"; };
		1727CF9326104DB60041A9DE /* MainViewController.swift */ = {isa = PBXFileReference; lastKnownFileType = sourcecode.swift; path = MainViewController.swift; sourceTree = "<group>"; };
		1727CF9426104DB60041A9DE /* MainViewController.xib */ = {isa = PBXFileReference; lastKnownFileType = file.xib; path = MainViewController.xib; sourceTree = "<group>"; };
		1727CFA22610799D0041A9DE /* OmdbApiManager.swift */ = {isa = PBXFileReference; lastKnownFileType = sourcecode.swift; path = OmdbApiManager.swift; sourceTree = "<group>"; };
		1727CFA526107EEB0041A9DE /* Movie.swift */ = {isa = PBXFileReference; lastKnownFileType = sourcecode.swift; path = Movie.swift; sourceTree = "<group>"; };
		1727CFA8261080450041A9DE /* MovieDetail.swift */ = {isa = PBXFileReference; lastKnownFileType = sourcecode.swift; path = MovieDetail.swift; sourceTree = "<group>"; };
		1727CFAB2610822D0041A9DE /* Movies.swift */ = {isa = PBXFileReference; lastKnownFileType = sourcecode.swift; path = Movies.swift; sourceTree = "<group>"; };
		1727CFAE26108E7E0041A9DE /* MovieCardCollectionViewCell.swift */ = {isa = PBXFileReference; lastKnownFileType = sourcecode.swift; path = MovieCardCollectionViewCell.swift; sourceTree = "<group>"; };
		1727CFAF26108E7E0041A9DE /* MovieCardCollectionViewCell.xib */ = {isa = PBXFileReference; lastKnownFileType = file.xib; path = MovieCardCollectionViewCell.xib; sourceTree = "<group>"; };
		1727CFB3261091D50041A9DE /* UIImageViewExtension.swift */ = {isa = PBXFileReference; lastKnownFileType = sourcecode.swift; path = UIImageViewExtension.swift; sourceTree = "<group>"; };
		4BD8BABD26024DE7D68F7246 /* Pods-SampleMovieApp.debug.xcconfig */ = {isa = PBXFileReference; includeInIndex = 1; lastKnownFileType = text.xcconfig; name = "Pods-SampleMovieApp.debug.xcconfig"; path = "Target Support Files/Pods-SampleMovieApp/Pods-SampleMovieApp.debug.xcconfig"; sourceTree = "<group>"; };
		61D560F58A116CABC02E0ED6 /* Pods-SampleMovieApp.release.xcconfig */ = {isa = PBXFileReference; includeInIndex = 1; lastKnownFileType = text.xcconfig; name = "Pods-SampleMovieApp.release.xcconfig"; path = "Target Support Files/Pods-SampleMovieApp/Pods-SampleMovieApp.release.xcconfig"; sourceTree = "<group>"; };
/* End PBXFileReference section */

/* Begin PBXFrameworksBuildPhase section */
		1727CF26260D1B240041A9DE /* Frameworks */ = {
			isa = PBXFrameworksBuildPhase;
			buildActionMask = 2147483647;
			files = (
				D39E7AE31ACB3E52491B5DBF /* Pods_SampleMovieApp.framework in Frameworks */,
			);
			runOnlyForDeploymentPostprocessing = 0;
		};
/* End PBXFrameworksBuildPhase section */

/* Begin PBXGroup section */
		1727CF20260D1B230041A9DE = {
			isa = PBXGroup;
			children = (
				1727CF2B260D1B240041A9DE /* SampleMovieApp */,
				1727CF2A260D1B240041A9DE /* Products */,
				1EF61057B43C0F32C0412501 /* Pods */,
				8E44F016B33E54122E9D6D40 /* Frameworks */,
			);
			sourceTree = "<group>";
		};
		1727CF2A260D1B240041A9DE /* Products */ = {
			isa = PBXGroup;
			children = (
				1727CF29260D1B240041A9DE /* SampleMovieApp.app */,
			);
			name = Products;
			sourceTree = "<group>";
		};
		1727CF2B260D1B240041A9DE /* SampleMovieApp */ = {
			isa = PBXGroup;
			children = (
				1727CF49260D2D740041A9DE /* GoogleService-Info.plist */,
				1727CF2C260D1B240041A9DE /* AppDelegate.swift */,
				1727CF2E260D1B240041A9DE /* SceneDelegate.swift */,
				1727CF35260D1B240041A9DE /* Assets.xcassets */,
				1727CF37260D1B240041A9DE /* LaunchScreen.storyboard */,
				1727CF3A260D1B240041A9DE /* Info.plist */,
				1727CF43260D26D70041A9DE /* SplashViewController.swift */,
				1727CF46260D27730041A9DE /* SplashViewController.xib */,
				1727CF6B261043A60041A9DE /* ConnectivityManager.swift */,
				1727CF6E2610444E0041A9DE /* RemoteConfigManager.swift */,
				1727CF90261049A10041A9DE /* Constants.swift */,
				1727CF9326104DB60041A9DE /* MainViewController.swift */,
				1727CF9426104DB60041A9DE /* MainViewController.xib */,
				1727CFA22610799D0041A9DE /* OmdbApiManager.swift */,
				1727CFA526107EEB0041A9DE /* Movie.swift */,
				1727CFA8261080450041A9DE /* MovieDetail.swift */,
				1727CFAB2610822D0041A9DE /* Movies.swift */,
				1727CFAE26108E7E0041A9DE /* MovieCardCollectionViewCell.swift */,
				1727CFAF26108E7E0041A9DE /* MovieCardCollectionViewCell.xib */,
				1727CFB3261091D50041A9DE /* UIImageViewExtension.swift */,
			);
			path = SampleMovieApp;
			sourceTree = "<group>";
		};
		1EF61057B43C0F32C0412501 /* Pods */ = {
			isa = PBXGroup;
			children = (
				4BD8BABD26024DE7D68F7246 /* Pods-SampleMovieApp.debug.xcconfig */,
				61D560F58A116CABC02E0ED6 /* Pods-SampleMovieApp.release.xcconfig */,
			);
			path = Pods;
			sourceTree = "<group>";
		};
		8E44F016B33E54122E9D6D40 /* Frameworks */ = {
			isa = PBXGroup;
			children = (
				033BEBFD84A9580B4A6F8ED1 /* Pods_SampleMovieApp.framework */,
			);
			name = Frameworks;
			sourceTree = "<group>";
		};
/* End PBXGroup section */

/* Begin PBXNativeTarget section */
		1727CF28260D1B240041A9DE /* SampleMovieApp */ = {
			isa = PBXNativeTarget;
			buildConfigurationList = 1727CF3D260D1B240041A9DE /* Build configuration list for PBXNativeTarget "SampleMovieApp" */;
			buildPhases = (
				14809D895081F7E8321A225A /* [CP] Check Pods Manifest.lock */,
				1727CF25260D1B240041A9DE /* Sources */,
				1727CF26260D1B240041A9DE /* Frameworks */,
				1727CF27260D1B240041A9DE /* Resources */,
				40DB67311B004C21C3D90FB4 /* [CP] Embed Pods Frameworks */,
			);
			buildRules = (
			);
			dependencies = (
			);
			name = SampleMovieApp;
			productName = SampleMovieApp;
			productReference = 1727CF29260D1B240041A9DE /* SampleMovieApp.app */;
			productType = "com.apple.product-type.application";
		};
/* End PBXNativeTarget section */

/* Begin PBXProject section */
		1727CF21260D1B240041A9DE /* Project object */ = {
			isa = PBXProject;
			attributes = {
				LastSwiftUpdateCheck = 1210;
				LastUpgradeCheck = 1210;
				TargetAttributes = {
					1727CF28260D1B240041A9DE = {
						CreatedOnToolsVersion = 12.1;
					};
				};
			};
			buildConfigurationList = 1727CF24260D1B240041A9DE /* Build configuration list for PBXProject "SampleMovieApp" */;
			compatibilityVersion = "Xcode 9.3";
			developmentRegion = en;
			hasScannedForEncodings = 0;
			knownRegions = (
				en,
				Base,
			);
			mainGroup = 1727CF20260D1B230041A9DE;
			productRefGroup = 1727CF2A260D1B240041A9DE /* Products */;
			projectDirPath = "";
			projectRoot = "";
			targets = (
				1727CF28260D1B240041A9DE /* SampleMovieApp */,
			);
		};
/* End PBXProject section */

/* Begin PBXResourcesBuildPhase section */
		1727CF27260D1B240041A9DE /* Resources */ = {
			isa = PBXResourcesBuildPhase;
			buildActionMask = 2147483647;
			files = (
				1727CF39260D1B240041A9DE /* LaunchScreen.storyboard in Resources */,
				1727CF4A260D2D740041A9DE /* GoogleService-Info.plist in Resources */,
				1727CF9626104DB60041A9DE /* MainViewController.xib in Resources */,
				1727CF47260D27730041A9DE /* SplashViewController.xib in Resources */,
				1727CF36260D1B240041A9DE /* Assets.xcassets in Resources */,
				1727CFB126108E7E0041A9DE /* MovieCardCollectionViewCell.xib in Resources */,
			);
			runOnlyForDeploymentPostprocessing = 0;
		};
/* End PBXResourcesBuildPhase section */

/* Begin PBXShellScriptBuildPhase section */
		14809D895081F7E8321A225A /* [CP] Check Pods Manifest.lock */ = {
			isa = PBXShellScriptBuildPhase;
			buildActionMask = 2147483647;
			files = (
			);
			inputFileListPaths = (
			);
			inputPaths = (
				"${PODS_PODFILE_DIR_PATH}/Podfile.lock",
				"${PODS_ROOT}/Manifest.lock",
			);
			name = "[CP] Check Pods Manifest.lock";
			outputFileListPaths = (
			);
			outputPaths = (
				"$(DERIVED_FILE_DIR)/Pods-SampleMovieApp-checkManifestLockResult.txt",
			);
			runOnlyForDeploymentPostprocessing = 0;
			shellPath = /bin/sh;
			shellScript = "diff \"${PODS_PODFILE_DIR_PATH}/Podfile.lock\" \"${PODS_ROOT}/Manifest.lock\" > /dev/null\nif [ $? != 0 ] ; then\n    # print error to STDERR\n    echo \"error: The sandbox is not in sync with the Podfile.lock. Run 'pod install' or update your CocoaPods installation.\" >&2\n    exit 1\nfi\n# This output is used by Xcode 'outputs' to avoid re-running this script phase.\necho \"SUCCESS\" > \"${SCRIPT_OUTPUT_FILE_0}\"\n";
			showEnvVarsInLog = 0;
		};
		40DB67311B004C21C3D90FB4 /* [CP] Embed Pods Frameworks */ = {
			isa = PBXShellScriptBuildPhase;
			buildActionMask = 2147483647;
			files = (
			);
			inputFileListPaths = (
				"${PODS_ROOT}/Target Support Files/Pods-SampleMovieApp/Pods-SampleMovieApp-frameworks-${CONFIGURATION}-input-files.xcfilelist",
			);
			name = "[CP] Embed Pods Frameworks";
			outputFileListPaths = (
				"${PODS_ROOT}/Target Support Files/Pods-SampleMovieApp/Pods-SampleMovieApp-frameworks-${CONFIGURATION}-output-files.xcfilelist",
			);
			runOnlyForDeploymentPostprocessing = 0;
			shellPath = /bin/sh;
			shellScript = "\"${PODS_ROOT}/Target Support Files/Pods-SampleMovieApp/Pods-SampleMovieApp-frameworks.sh\"\n";
			showEnvVarsInLog = 0;
		};
/* End PBXShellScriptBuildPhase section */

/* Begin PBXSourcesBuildPhase section */
		1727CF25260D1B240041A9DE /* Sources */ = {
			isa = PBXSourcesBuildPhase;
			buildActionMask = 2147483647;
			files = (
				1727CF2D260D1B240041A9DE /* AppDelegate.swift in Sources */,
				1727CFAC2610822D0041A9DE /* Movies.swift in Sources */,
				1727CF2F260D1B240041A9DE /* SceneDelegate.swift in Sources */,
				1727CFA626107EEB0041A9DE /* Movie.swift in Sources */,
				1727CF6C261043A60041A9DE /* ConnectivityManager.swift in Sources */,
				1727CF91261049A10041A9DE /* Constants.swift in Sources */,
				1727CF44260D26D70041A9DE /* SplashViewController.swift in Sources */,
				1727CF6F2610444E0041A9DE /* RemoteConfigManager.swift in Sources */,
				1727CFA9261080450041A9DE /* MovieDetail.swift in Sources */,
				1727CFA32610799D0041A9DE /* OmdbApiManager.swift in Sources */,
				1727CF9526104DB60041A9DE /* MainViewController.swift in Sources */,
				1727CFB4261091D50041A9DE /* UIImageViewExtension.swift in Sources */,
				1727CFB026108E7E0041A9DE /* MovieCardCollectionViewCell.swift in Sources */,
			);
			runOnlyForDeploymentPostprocessing = 0;
		};
/* End PBXSourcesBuildPhase section */

/* Begin PBXVariantGroup section */
		1727CF37260D1B240041A9DE /* LaunchScreen.storyboard */ = {
			isa = PBXVariantGroup;
			children = (
				1727CF38260D1B240041A9DE /* Base */,
			);
			name = LaunchScreen.storyboard;
			sourceTree = "<group>";
		};
/* End PBXVariantGroup section */

/* Begin XCBuildConfiguration section */
		1727CF3B260D1B240041A9DE /* Debug */ = {
			isa = XCBuildConfiguration;
			buildSettings = {
				ALWAYS_SEARCH_USER_PATHS = NO;
				CLANG_ANALYZER_NONNULL = YES;
				CLANG_ANALYZER_NUMBER_OBJECT_CONVERSION = YES_AGGRESSIVE;
				CLANG_CXX_LANGUAGE_STANDARD = "gnu++14";
				CLANG_CXX_LIBRARY = "libc++";
				CLANG_ENABLE_MODULES = YES;
				CLANG_ENABLE_OBJC_ARC = YES;
				CLANG_ENABLE_OBJC_WEAK = YES;
				CLANG_WARN_BLOCK_CAPTURE_AUTORELEASING = YES;
				CLANG_WARN_BOOL_CONVERSION = YES;
				CLANG_WARN_COMMA = YES;
				CLANG_WARN_CONSTANT_CONVERSION = YES;
				CLANG_WARN_DEPRECATED_OBJC_IMPLEMENTATIONS = YES;
				CLANG_WARN_DIRECT_OBJC_ISA_USAGE = YES_ERROR;
				CLANG_WARN_DOCUMENTATION_COMMENTS = YES;
				CLANG_WARN_EMPTY_BODY = YES;
				CLANG_WARN_ENUM_CONVERSION = YES;
				CLANG_WARN_INFINITE_RECURSION = YES;
				CLANG_WARN_INT_CONVERSION = YES;
				CLANG_WARN_NON_LITERAL_NULL_CONVERSION = YES;
				CLANG_WARN_OBJC_IMPLICIT_RETAIN_SELF = YES;
				CLANG_WARN_OBJC_LITERAL_CONVERSION = YES;
				CLANG_WARN_OBJC_ROOT_CLASS = YES_ERROR;
				CLANG_WARN_QUOTED_INCLUDE_IN_FRAMEWORK_HEADER = YES;
				CLANG_WARN_RANGE_LOOP_ANALYSIS = YES;
				CLANG_WARN_STRICT_PROTOTYPES = YES;
				CLANG_WARN_SUSPICIOUS_MOVE = YES;
				CLANG_WARN_UNGUARDED_AVAILABILITY = YES_AGGRESSIVE;
				CLANG_WARN_UNREACHABLE_CODE = YES;
				CLANG_WARN__DUPLICATE_METHOD_MATCH = YES;
				COPY_PHASE_STRIP = NO;
				DEBUG_INFORMATION_FORMAT = dwarf;
				ENABLE_STRICT_OBJC_MSGSEND = YES;
				ENABLE_TESTABILITY = YES;
				GCC_C_LANGUAGE_STANDARD = gnu11;
				GCC_DYNAMIC_NO_PIC = NO;
				GCC_NO_COMMON_BLOCKS = YES;
				GCC_OPTIMIZATION_LEVEL = 0;
				GCC_PREPROCESSOR_DEFINITIONS = (
					"DEBUG=1",
					"$(inherited)",
				);
				GCC_WARN_64_TO_32_BIT_CONVERSION = YES;
				GCC_WARN_ABOUT_RETURN_TYPE = YES_ERROR;
				GCC_WARN_UNDECLARED_SELECTOR = YES;
				GCC_WARN_UNINITIALIZED_AUTOS = YES_AGGRESSIVE;
				GCC_WARN_UNUSED_FUNCTION = YES;
				GCC_WARN_UNUSED_VARIABLE = YES;
				IPHONEOS_DEPLOYMENT_TARGET = 13.0;
				MTL_ENABLE_DEBUG_INFO = INCLUDE_SOURCE;
				MTL_FAST_MATH = YES;
				ONLY_ACTIVE_ARCH = YES;
				SDKROOT = iphoneos;
				SWIFT_ACTIVE_COMPILATION_CONDITIONS = DEBUG;
				SWIFT_OPTIMIZATION_LEVEL = "-Onone";
			};
			name = Debug;
		};
		1727CF3C260D1B240041A9DE /* Release */ = {
			isa = XCBuildConfiguration;
			buildSettings = {
				ALWAYS_SEARCH_USER_PATHS = NO;
				CLANG_ANALYZER_NONNULL = YES;
				CLANG_ANALYZER_NUMBER_OBJECT_CONVERSION = YES_AGGRESSIVE;
				CLANG_CXX_LANGUAGE_STANDARD = "gnu++14";
				CLANG_CXX_LIBRARY = "libc++";
				CLANG_ENABLE_MODULES = YES;
				CLANG_ENABLE_OBJC_ARC = YES;
				CLANG_ENABLE_OBJC_WEAK = YES;
				CLANG_WARN_BLOCK_CAPTURE_AUTORELEASING = YES;
				CLANG_WARN_BOOL_CONVERSION = YES;
				CLANG_WARN_COMMA = YES;
				CLANG_WARN_CONSTANT_CONVERSION = YES;
				CLANG_WARN_DEPRECATED_OBJC_IMPLEMENTATIONS = YES;
				CLANG_WARN_DIRECT_OBJC_ISA_USAGE = YES_ERROR;
				CLANG_WARN_DOCUMENTATION_COMMENTS = YES;
				CLANG_WARN_EMPTY_BODY = YES;
				CLANG_WARN_ENUM_CONVERSION = YES;
				CLANG_WARN_INFINITE_RECURSION = YES;
				CLANG_WARN_INT_CONVERSION = YES;
				CLANG_WARN_NON_LITERAL_NULL_CONVERSION = YES;
				CLANG_WARN_OBJC_IMPLICIT_RETAIN_SELF = YES;
				CLANG_WARN_OBJC_LITERAL_CONVERSION = YES;
				CLANG_WARN_OBJC_ROOT_CLASS = YES_ERROR;
				CLANG_WARN_QUOTED_INCLUDE_IN_FRAMEWORK_HEADER = YES;
				CLANG_WARN_RANGE_LOOP_ANALYSIS = YES;
				CLANG_WARN_STRICT_PROTOTYPES = YES;
				CLANG_WARN_SUSPICIOUS_MOVE = YES;
				CLANG_WARN_UNGUARDED_AVAILABILITY = YES_AGGRESSIVE;
				CLANG_WARN_UNREACHABLE_CODE = YES;
				CLANG_WARN__DUPLICATE_METHOD_MATCH = YES;
				COPY_PHASE_STRIP = NO;
				DEBUG_INFORMATION_FORMAT = "dwarf-with-dsym";
				ENABLE_NS_ASSERTIONS = NO;
				ENABLE_STRICT_OBJC_MSGSEND = YES;
				GCC_C_LANGUAGE_STANDARD = gnu11;
				GCC_NO_COMMON_BLOCKS = YES;
				GCC_WARN_64_TO_32_BIT_CONVERSION = YES;
				GCC_WARN_ABOUT_RETURN_TYPE = YES_ERROR;
				GCC_WARN_UNDECLARED_SELECTOR = YES;
				GCC_WARN_UNINITIALIZED_AUTOS = YES_AGGRESSIVE;
				GCC_WARN_UNUSED_FUNCTION = YES;
				GCC_WARN_UNUSED_VARIABLE = YES;
				IPHONEOS_DEPLOYMENT_TARGET = 13.0;
				MTL_ENABLE_DEBUG_INFO = NO;
				MTL_FAST_MATH = YES;
				SDKROOT = iphoneos;
				SWIFT_COMPILATION_MODE = wholemodule;
				SWIFT_OPTIMIZATION_LEVEL = "-O";
				VALIDATE_PRODUCT = YES;
			};
			name = Release;
		};
		1727CF3E260D1B240041A9DE /* Debug */ = {
			isa = XCBuildConfiguration;
			baseConfigurationReference = 4BD8BABD26024DE7D68F7246 /* Pods-SampleMovieApp.debug.xcconfig */;
			buildSettings = {
				ASSETCATALOG_COMPILER_APPICON_NAME = AppIcon;
				ASSETCATALOG_COMPILER_GLOBAL_ACCENT_COLOR_NAME = AccentColor;
				CODE_SIGN_STYLE = Automatic;
				INFOPLIST_FILE = SampleMovieApp/Info.plist;
				LD_RUNPATH_SEARCH_PATHS = (
					"$(inherited)",
					"@executable_path/Frameworks",
				);
				PRODUCT_BUNDLE_IDENTIFIER = com.bulutoztemur.SampleMovieApp;
				PRODUCT_NAME = "$(TARGET_NAME)";
				SWIFT_VERSION = 5.0;
				TARGETED_DEVICE_FAMILY = "1,2";
			};
			name = Debug;
		};
		1727CF3F260D1B240041A9DE /* Release */ = {
			isa = XCBuildConfiguration;
			baseConfigurationReference = 61D560F58A116CABC02E0ED6 /* Pods-SampleMovieApp.release.xcconfig */;
			buildSettings = {
				ASSETCATALOG_COMPILER_APPICON_NAME = AppIcon;
				ASSETCATALOG_COMPILER_GLOBAL_ACCENT_COLOR_NAME = AccentColor;
				CODE_SIGN_STYLE = Automatic;
				INFOPLIST_FILE = SampleMovieApp/Info.plist;
				LD_RUNPATH_SEARCH_PATHS = (
					"$(inherited)",
					"@executable_path/Frameworks",
				);
				PRODUCT_BUNDLE_IDENTIFIER = com.bulutoztemur.SampleMovieApp;
				PRODUCT_NAME = "$(TARGET_NAME)";
				SWIFT_VERSION = 5.0;
				TARGETED_DEVICE_FAMILY = "1,2";
			};
			name = Release;
		};
/* End XCBuildConfiguration section */

/* Begin XCConfigurationList section */
		1727CF24260D1B240041A9DE /* Build configuration list for PBXProject "SampleMovieApp" */ = {
			isa = XCConfigurationList;
			buildConfigurations = (
				1727CF3B260D1B240041A9DE /* Debug */,
				1727CF3C260D1B240041A9DE /* Release */,
			);
			defaultConfigurationIsVisible = 0;
			defaultConfigurationName = Release;
		};
		1727CF3D260D1B240041A9DE /* Build configuration list for PBXNativeTarget "SampleMovieApp" */ = {
			isa = XCConfigurationList;
			buildConfigurations = (
				1727CF3E260D1B240041A9DE /* Debug */,
				1727CF3F260D1B240041A9DE /* Release */,
			);
			defaultConfigurationIsVisible = 0;
			defaultConfigurationName = Release;
		};
/* End XCConfigurationList section */
	};
	rootObject = 1727CF21260D1B240041A9DE /* Project object */;
}
